
Microsoft Visual Studio Solution File, Format Version 12.00
# Visual Studio Version 16
VisualStudioVersion = 16.0.29102.190
MinimumVisualStudioVersion = 10.0.40219.1
Project("{9A19103F-16F7-4668-BE54-9A1E7A4F7556}") = "BookDiary.API", "BookDiary.API\BookDiary.API.csproj", "{515C9B8B-BEED-49D4-A46A-FE409E456A7C}"
EndProject
Project("{2150E333-8FDC-42A3-9474-1A3956D46DE8}") = "Desktop", "Desktop", "{FD328864-409F-4F7A-B364-55E27DC9BCCE}"
EndProject
Project("{2150E333-8FDC-42A3-9474-1A3956D46DE8}") = "Mobile", "Mobile", "{E52724ED-39E9-4A18-A011-F2096DC2ED28}"
EndProject
Project("{FAE04EC0-301F-11D3-BF4B-00C04F79EFBC}") = "BookDiary.Desktop", "BookDiary.Desktop\BookDiary.Desktop.csproj", "{C37D39F1-831B-412F-BAB8-A76EEDD3AABD}"
EndProject
Project("{9A19103F-16F7-4668-BE54-9A1E7A4F7556}") = "BookDiary.Model", "BookDiary.Model\BookDiary.Model.csproj", "{6F95542A-686D-4539-8CF6-48BF16C3A055}"
EndProject
Project("{9A19103F-16F7-4668-BE54-9A1E7A4F7556}") = "BookDiary.Infrastructure", "BookDiary.Infrastructure\BookDiary.Infrastructure.csproj", "{6C6A9818-A341-4E47-A43A-2A60E69EDC81}"
EndProject
Project("{FAE04EC0-301F-11D3-BF4B-00C04F79EFBC}") = "BookDiary.Mobile.UWP", "BookDiary.Mobile\BookDiary.Mobile.UWP\BookDiary.Mobile.UWP.csproj", "{772AA2C7-C448-45D7-A500-98251898F684}"
EndProject
Project("{FAE04EC0-301F-11D3-BF4B-00C04F79EFBC}") = "BookDiary.Mobile.Android", "BookDiary.Mobile\BookDiary.Mobile.Android\BookDiary.Mobile.Android.csproj", "{32A6541B-A51D-4DDE-BDC6-6C3F799CFD0F}"
EndProject
Project("{FAE04EC0-301F-11D3-BF4B-00C04F79EFBC}") = "BookDiary.Mobile.iOS", "BookDiary.Mobile\BookDiary.Mobile.iOS\BookDiary.Mobile.iOS.csproj", "{7D2F0E39-ACF5-4CA1-AC2B-2C856666A683}"
EndProject
Project("{FAE04EC0-301F-11D3-BF4B-00C04F79EFBC}") = "BookDiary.Mobile", "BookDiary.Mobile\BookDiary.Mobile\BookDiary.Mobile.csproj", "{649FFE03-0A76-4E3C-822D-093B4467F0D2}"
EndProject
Global
	GlobalSection(SolutionConfigurationPlatforms) = preSolution
		Debug|Any CPU = Debug|Any CPU
		Debug|ARM = Debug|ARM
		Debug|iPhone = Debug|iPhone
		Debug|iPhoneSimulator = Debug|iPhoneSimulator
		Debug|x64 = Debug|x64
		Debug|x86 = Debug|x86
		Release|Any CPU = Release|Any CPU
		Release|ARM = Release|ARM
		Release|iPhone = Release|iPhone
		Release|iPhoneSimulator = Release|iPhoneSimulator
		Release|x64 = Release|x64
		Release|x86 = Release|x86
	EndGlobalSection
	GlobalSection(ProjectConfigurationPlatforms) = postSolution
		{515C9B8B-BEED-49D4-A46A-FE409E456A7C}.Debug|Any CPU.ActiveCfg = Debug|Any CPU
		{515C9B8B-BEED-49D4-A46A-FE409E456A7C}.Debug|Any CPU.Build.0 = Debug|Any CPU
		{515C9B8B-BEED-49D4-A46A-FE409E456A7C}.Debug|ARM.ActiveCfg = Debug|Any CPU
		{515C9B8B-BEED-49D4-A46A-FE409E456A7C}.Debug|ARM.Build.0 = Debug|Any CPU
		{515C9B8B-BEED-49D4-A46A-FE409E456A7C}.Debug|iPhone.ActiveCfg = Debug|Any CPU
		{515C9B8B-BEED-49D4-A46A-FE409E456A7C}.Debug|iPhone.Build.0 = Debug|Any CPU
		{515C9B8B-BEED-49D4-A46A-FE409E456A7C}.Debug|iPhoneSimulator.ActiveCfg = Debug|Any CPU
		{515C9B8B-BEED-49D4-A46A-FE409E456A7C}.Debug|iPhoneSimulator.Build.0 = Debug|Any CPU
		{515C9B8B-BEED-49D4-A46A-FE409E456A7C}.Debug|x64.ActiveCfg = Debug|Any CPU
		{515C9B8B-BEED-49D4-A46A-FE409E456A7C}.Debug|x64.Build.0 = Debug|Any CPU
		{515C9B8B-BEED-49D4-A46A-FE409E456A7C}.Debug|x86.ActiveCfg = Debug|Any CPU
		{515C9B8B-BEED-49D4-A46A-FE409E456A7C}.Debug|x86.Build.0 = Debug|Any CPU
		{515C9B8B-BEED-49D4-A46A-FE409E456A7C}.Release|Any CPU.ActiveCfg = Release|Any CPU
		{515C9B8B-BEED-49D4-A46A-FE409E456A7C}.Release|Any CPU.Build.0 = Release|Any CPU
		{515C9B8B-BEED-49D4-A46A-FE409E456A7C}.Release|ARM.ActiveCfg = Release|Any CPU
		{515C9B8B-BEED-49D4-A46A-FE409E456A7C}.Release|ARM.Build.0 = Release|Any CPU
		{515C9B8B-BEED-49D4-A46A-FE409E456A7C}.Release|iPhone.ActiveCfg = Release|Any CPU
		{515C9B8B-BEED-49D4-A46A-FE409E456A7C}.Release|iPhone.Build.0 = Release|Any CPU
		{515C9B8B-BEED-49D4-A46A-FE409E456A7C}.Release|iPhoneSimulator.ActiveCfg = Release|Any CPU
		{515C9B8B-BEED-49D4-A46A-FE409E456A7C}.Release|iPhoneSimulator.Build.0 = Release|Any CPU
		{515C9B8B-BEED-49D4-A46A-FE409E456A7C}.Release|x64.ActiveCfg = Release|Any CPU
		{515C9B8B-BEED-49D4-A46A-FE409E456A7C}.Release|x64.Build.0 = Release|Any CPU
		{515C9B8B-BEED-49D4-A46A-FE409E456A7C}.Release|x86.ActiveCfg = Release|Any CPU
		{515C9B8B-BEED-49D4-A46A-FE409E456A7C}.Release|x86.Build.0 = Release|Any CPU
		{C37D39F1-831B-412F-BAB8-A76EEDD3AABD}.Debug|Any CPU.ActiveCfg = Debug|Any CPU
		{C37D39F1-831B-412F-BAB8-A76EEDD3AABD}.Debug|Any CPU.Build.0 = Debug|Any CPU
		{C37D39F1-831B-412F-BAB8-A76EEDD3AABD}.Debug|ARM.ActiveCfg = Debug|Any CPU
		{C37D39F1-831B-412F-BAB8-A76EEDD3AABD}.Debug|ARM.Build.0 = Debug|Any CPU
		{C37D39F1-831B-412F-BAB8-A76EEDD3AABD}.Debug|iPhone.ActiveCfg = Debug|Any CPU
		{C37D39F1-831B-412F-BAB8-A76EEDD3AABD}.Debug|iPhone.Build.0 = Debug|Any CPU
		{C37D39F1-831B-412F-BAB8-A76EEDD3AABD}.Debug|iPhoneSimulator.ActiveCfg = Debug|Any CPU
		{C37D39F1-831B-412F-BAB8-A76EEDD3AABD}.Debug|iPhoneSimulator.Build.0 = Debug|Any CPU
		{C37D39F1-831B-412F-BAB8-A76EEDD3AABD}.Debug|x64.ActiveCfg = Debug|Any CPU
		{C37D39F1-831B-412F-BAB8-A76EEDD3AABD}.Debug|x64.Build.0 = Debug|Any CPU
		{C37D39F1-831B-412F-BAB8-A76EEDD3AABD}.Debug|x86.ActiveCfg = Debug|Any CPU
		{C37D39F1-831B-412F-BAB8-A76EEDD3AABD}.Debug|x86.Build.0 = Debug|Any CPU
		{C37D39F1-831B-412F-BAB8-A76EEDD3AABD}.Release|Any CPU.ActiveCfg = Release|Any CPU
		{C37D39F1-831B-412F-BAB8-A76EEDD3AABD}.Release|Any CPU.Build.0 = Release|Any CPU
		{C37D39F1-831B-412F-BAB8-A76EEDD3AABD}.Release|ARM.ActiveCfg = Release|Any CPU
		{C37D39F1-831B-412F-BAB8-A76EEDD3AABD}.Release|ARM.Build.0 = Release|Any CPU
		{C37D39F1-831B-412F-BAB8-A76EEDD3AABD}.Release|iPhone.ActiveCfg = Release|Any CPU
		{C37D39F1-831B-412F-BAB8-A76EEDD3AABD}.Release|iPhone.Build.0 = Release|Any CPU
		{C37D39F1-831B-412F-BAB8-A76EEDD3AABD}.Release|iPhoneSimulator.ActiveCfg = Release|Any CPU
		{C37D39F1-831B-412F-BAB8-A76EEDD3AABD}.Release|iPhoneSimulator.Build.0 = Release|Any CPU
		{C37D39F1-831B-412F-BAB8-A76EEDD3AABD}.Release|x64.ActiveCfg = Release|Any CPU
		{C37D39F1-831B-412F-BAB8-A76EEDD3AABD}.Release|x64.Build.0 = Release|Any CPU
		{C37D39F1-831B-412F-BAB8-A76EEDD3AABD}.Release|x86.ActiveCfg = Release|Any CPU
		{C37D39F1-831B-412F-BAB8-A76EEDD3AABD}.Release|x86.Build.0 = Release|Any CPU
		{6F95542A-686D-4539-8CF6-48BF16C3A055}.Debug|Any CPU.ActiveCfg = Debug|Any CPU
		{6F95542A-686D-4539-8CF6-48BF16C3A055}.Debug|Any CPU.Build.0 = Debug|Any CPU
		{6F95542A-686D-4539-8CF6-48BF16C3A055}.Debug|ARM.ActiveCfg = Debug|Any CPU
		{6F95542A-686D-4539-8CF6-48BF16C3A055}.Debug|ARM.Build.0 = Debug|Any CPU
		{6F95542A-686D-4539-8CF6-48BF16C3A055}.Debug|iPhone.ActiveCfg = Debug|Any CPU
		{6F95542A-686D-4539-8CF6-48BF16C3A055}.Debug|iPhone.Build.0 = Debug|Any CPU
		{6F95542A-686D-4539-8CF6-48BF16C3A055}.Debug|iPhoneSimulator.ActiveCfg = Debug|Any CPU
		{6F95542A-686D-4539-8CF6-48BF16C3A055}.Debug|iPhoneSimulator.Build.0 = Debug|Any CPU
		{6F95542A-686D-4539-8CF6-48BF16C3A055}.Debug|x64.ActiveCfg = Debug|Any CPU
		{6F95542A-686D-4539-8CF6-48BF16C3A055}.Debug|x64.Build.0 = Debug|Any CPU
		{6F95542A-686D-4539-8CF6-48BF16C3A055}.Debug|x86.ActiveCfg = Debug|Any CPU
		{6F95542A-686D-4539-8CF6-48BF16C3A055}.Debug|x86.Build.0 = Debug|Any CPU
		{6F95542A-686D-4539-8CF6-48BF16C3A055}.Release|Any CPU.ActiveCfg = Release|Any CPU
		{6F95542A-686D-4539-8CF6-48BF16C3A055}.Release|Any CPU.Build.0 = Release|Any CPU
		{6F95542A-686D-4539-8CF6-48BF16C3A055}.Release|ARM.ActiveCfg = Release|Any CPU
		{6F95542A-686D-4539-8CF6-48BF16C3A055}.Release|ARM.Build.0 = Release|Any CPU
		{6F95542A-686D-4539-8CF6-48BF16C3A055}.Release|iPhone.ActiveCfg = Release|Any CPU
		{6F95542A-686D-4539-8CF6-48BF16C3A055}.Release|iPhone.Build.0 = Release|Any CPU
		{6F95542A-686D-4539-8CF6-48BF16C3A055}.Release|iPhoneSimulator.ActiveCfg = Release|Any CPU
		{6F95542A-686D-4539-8CF6-48BF16C3A055}.Release|iPhoneSimulator.Build.0 = Release|Any CPU
		{6F95542A-686D-4539-8CF6-48BF16C3A055}.Release|x64.ActiveCfg = Release|Any CPU
		{6F95542A-686D-4539-8CF6-48BF16C3A055}.Release|x64.Build.0 = Release|Any CPU
		{6F95542A-686D-4539-8CF6-48BF16C3A055}.Release|x86.ActiveCfg = Release|Any CPU
		{6F95542A-686D-4539-8CF6-48BF16C3A055}.Release|x86.Build.0 = Release|Any CPU
		{6C6A9818-A341-4E47-A43A-2A60E69EDC81}.Debug|Any CPU.ActiveCfg = Debug|Any CPU
		{6C6A9818-A341-4E47-A43A-2A60E69EDC81}.Debug|Any CPU.Build.0 = Debug|Any CPU
		{6C6A9818-A341-4E47-A43A-2A60E69EDC81}.Debug|ARM.ActiveCfg = Debug|Any CPU
		{6C6A9818-A341-4E47-A43A-2A60E69EDC81}.Debug|ARM.Build.0 = Debug|Any CPU
		{6C6A9818-A341-4E47-A43A-2A60E69EDC81}.Debug|iPhone.ActiveCfg = Debug|Any CPU
		{6C6A9818-A341-4E47-A43A-2A60E69EDC81}.Debug|iPhone.Build.0 = Debug|Any CPU
		{6C6A9818-A341-4E47-A43A-2A60E69EDC81}.Debug|iPhoneSimulator.ActiveCfg = Debug|Any CPU
		{6C6A9818-A341-4E47-A43A-2A60E69EDC81}.Debug|iPhoneSimulator.Build.0 = Debug|Any CPU
		{6C6A9818-A341-4E47-A43A-2A60E69EDC81}.Debug|x64.ActiveCfg = Debug|Any CPU
		{6C6A9818-A341-4E47-A43A-2A60E69EDC81}.Debug|x64.Build.0 = Debug|Any CPU
		{6C6A9818-A341-4E47-A43A-2A60E69EDC81}.Debug|x86.ActiveCfg = Debug|Any CPU
		{6C6A9818-A341-4E47-A43A-2A60E69EDC81}.Debug|x86.Build.0 = Debug|Any CPU
		{6C6A9818-A341-4E47-A43A-2A60E69EDC81}.Release|Any CPU.ActiveCfg = Release|Any CPU
		{6C6A9818-A341-4E47-A43A-2A60E69EDC81}.Release|Any CPU.Build.0 = Release|Any CPU
		{6C6A9818-A341-4E47-A43A-2A60E69EDC81}.Release|ARM.ActiveCfg = Release|Any CPU
		{6C6A9818-A341-4E47-A43A-2A60E69EDC81}.Release|ARM.Build.0 = Release|Any CPU
		{6C6A9818-A341-4E47-A43A-2A60E69EDC81}.Release|iPhone.ActiveCfg = Release|Any CPU
		{6C6A9818-A341-4E47-A43A-2A60E69EDC81}.Release|iPhone.Build.0 = Release|Any CPU
		{6C6A9818-A341-4E47-A43A-2A60E69EDC81}.Release|iPhoneSimulator.ActiveCfg = Release|Any CPU
		{6C6A9818-A341-4E47-A43A-2A60E69EDC81}.Release|iPhoneSimulator.Build.0 = Release|Any CPU
		{6C6A9818-A341-4E47-A43A-2A60E69EDC81}.Release|x64.ActiveCfg = Release|Any CPU
		{6C6A9818-A341-4E47-A43A-2A60E69EDC81}.Release|x64.Build.0 = Release|Any CPU
		{6C6A9818-A341-4E47-A43A-2A60E69EDC81}.Release|x86.ActiveCfg = Release|Any CPU
		{6C6A9818-A341-4E47-A43A-2A60E69EDC81}.Release|x86.Build.0 = Release|Any CPU
		{772AA2C7-C448-45D7-A500-98251898F684}.Debug|Any CPU.ActiveCfg = Debug|x86
		{772AA2C7-C448-45D7-A500-98251898F684}.Debug|ARM.ActiveCfg = Debug|ARM
		{772AA2C7-C448-45D7-A500-98251898F684}.Debug|ARM.Build.0 = Debug|ARM
		{772AA2C7-C448-45D7-A500-98251898F684}.Debug|ARM.Deploy.0 = Debug|ARM
		{772AA2C7-C448-45D7-A500-98251898F684}.Debug|iPhone.ActiveCfg = Debug|x86
		{772AA2C7-C448-45D7-A500-98251898F684}.Debug|iPhoneSimulator.ActiveCfg = Debug|x86
		{772AA2C7-C448-45D7-A500-98251898F684}.Debug|x64.ActiveCfg = Debug|x64
		{772AA2C7-C448-45D7-A500-98251898F684}.Debug|x64.Build.0 = Debug|x64
		{772AA2C7-C448-45D7-A500-98251898F684}.Debug|x64.Deploy.0 = Debug|x64
		{772AA2C7-C448-45D7-A500-98251898F684}.Debug|x86.ActiveCfg = Debug|x86
		{772AA2C7-C448-45D7-A500-98251898F684}.Debug|x86.Build.0 = Debug|x86
		{772AA2C7-C448-45D7-A500-98251898F684}.Debug|x86.Deploy.0 = Debug|x86
		{772AA2C7-C448-45D7-A500-98251898F684}.Release|Any CPU.ActiveCfg = Release|x86
		{772AA2C7-C448-45D7-A500-98251898F684}.Release|ARM.ActiveCfg = Release|ARM
		{772AA2C7-C448-45D7-A500-98251898F684}.Release|ARM.Build.0 = Release|ARM
		{772AA2C7-C448-45D7-A500-98251898F684}.Release|ARM.Deploy.0 = Release|ARM
		{772AA2C7-C448-45D7-A500-98251898F684}.Release|iPhone.ActiveCfg = Release|x86
		{772AA2C7-C448-45D7-A500-98251898F684}.Release|iPhoneSimulator.ActiveCfg = Release|x86
		{772AA2C7-C448-45D7-A500-98251898F684}.Release|x64.ActiveCfg = Release|x64
		{772AA2C7-C448-45D7-A500-98251898F684}.Release|x64.Build.0 = Release|x64
		{772AA2C7-C448-45D7-A500-98251898F684}.Release|x64.Deploy.0 = Release|x64
		{772AA2C7-C448-45D7-A500-98251898F684}.Release|x86.ActiveCfg = Release|x86
		{772AA2C7-C448-45D7-A500-98251898F684}.Release|x86.Build.0 = Release|x86
		{772AA2C7-C448-45D7-A500-98251898F684}.Release|x86.Deploy.0 = Release|x86
		{32A6541B-A51D-4DDE-BDC6-6C3F799CFD0F}.Debug|Any CPU.ActiveCfg = Debug|Any CPU
		{32A6541B-A51D-4DDE-BDC6-6C3F799CFD0F}.Debug|Any CPU.Build.0 = Debug|Any CPU
		{32A6541B-A51D-4DDE-BDC6-6C3F799CFD0F}.Debug|Any CPU.Deploy.0 = Debug|Any CPU
		{32A6541B-A51D-4DDE-BDC6-6C3F799CFD0F}.Debug|ARM.ActiveCfg = Debug|Any CPU
		{32A6541B-A51D-4DDE-BDC6-6C3F799CFD0F}.Debug|ARM.Build.0 = Debug|Any CPU
		{32A6541B-A51D-4DDE-BDC6-6C3F799CFD0F}.Debug|ARM.Deploy.0 = Debug|Any CPU
		{32A6541B-A51D-4DDE-BDC6-6C3F799CFD0F}.Debug|iPhone.ActiveCfg = Debug|Any CPU
		{32A6541B-A51D-4DDE-BDC6-6C3F799CFD0F}.Debug|iPhone.Build.0 = Debug|Any CPU
		{32A6541B-A51D-4DDE-BDC6-6C3F799CFD0F}.Debug|iPhone.Deploy.0 = Debug|Any CPU
		{32A6541B-A51D-4DDE-BDC6-6C3F799CFD0F}.Debug|iPhoneSimulator.ActiveCfg = Debug|Any CPU
		{32A6541B-A51D-4DDE-BDC6-6C3F799CFD0F}.Debug|iPhoneSimulator.Build.0 = Debug|Any CPU
		{32A6541B-A51D-4DDE-BDC6-6C3F799CFD0F}.Debug|iPhoneSimulator.Deploy.0 = Debug|Any CPU
		{32A6541B-A51D-4DDE-BDC6-6C3F799CFD0F}.Debug|x64.ActiveCfg = Debug|Any CPU
		{32A6541B-A51D-4DDE-BDC6-6C3F799CFD0F}.Debug|x64.Build.0 = Debug|Any CPU
		{32A6541B-A51D-4DDE-BDC6-6C3F799CFD0F}.Debug|x64.Deploy.0 = Debug|Any CPU
		{32A6541B-A51D-4DDE-BDC6-6C3F799CFD0F}.Debug|x86.ActiveCfg = Debug|Any CPU
		{32A6541B-A51D-4DDE-BDC6-6C3F799CFD0F}.Debug|x86.Build.0 = Debug|Any CPU
		{32A6541B-A51D-4DDE-BDC6-6C3F799CFD0F}.Debug|x86.Deploy.0 = Debug|Any CPU
		{32A6541B-A51D-4DDE-BDC6-6C3F799CFD0F}.Release|Any CPU.ActiveCfg = Release|Any CPU
		{32A6541B-A51D-4DDE-BDC6-6C3F799CFD0F}.Release|Any CPU.Build.0 = Release|Any CPU
		{32A6541B-A51D-4DDE-BDC6-6C3F799CFD0F}.Release|Any CPU.Deploy.0 = Release|Any CPU
		{32A6541B-A51D-4DDE-BDC6-6C3F799CFD0F}.Release|ARM.ActiveCfg = Release|Any CPU
		{32A6541B-A51D-4DDE-BDC6-6C3F799CFD0F}.Release|ARM.Build.0 = Release|Any CPU
		{32A6541B-A51D-4DDE-BDC6-6C3F799CFD0F}.Release|ARM.Deploy.0 = Release|Any CPU
		{32A6541B-A51D-4DDE-BDC6-6C3F799CFD0F}.Release|iPhone.ActiveCfg = Release|Any CPU
		{32A6541B-A51D-4DDE-BDC6-6C3F799CFD0F}.Release|iPhone.Build.0 = Release|Any CPU
		{32A6541B-A51D-4DDE-BDC6-6C3F799CFD0F}.Release|iPhone.Deploy.0 = Release|Any CPU
		{32A6541B-A51D-4DDE-BDC6-6C3F799CFD0F}.Release|iPhoneSimulator.ActiveCfg = Release|Any CPU
		{32A6541B-A51D-4DDE-BDC6-6C3F799CFD0F}.Release|iPhoneSimulator.Build.0 = Release|Any CPU
		{32A6541B-A51D-4DDE-BDC6-6C3F799CFD0F}.Release|iPhoneSimulator.Deploy.0 = Release|Any CPU
		{32A6541B-A51D-4DDE-BDC6-6C3F799CFD0F}.Release|x64.ActiveCfg = Release|Any CPU
		{32A6541B-A51D-4DDE-BDC6-6C3F799CFD0F}.Release|x64.Build.0 = Release|Any CPU
		{32A6541B-A51D-4DDE-BDC6-6C3F799CFD0F}.Release|x64.Deploy.0 = Release|Any CPU
		{32A6541B-A51D-4DDE-BDC6-6C3F799CFD0F}.Release|x86.ActiveCfg = Release|Any CPU
		{32A6541B-A51D-4DDE-BDC6-6C3F799CFD0F}.Release|x86.Build.0 = Release|Any CPU
		{32A6541B-A51D-4DDE-BDC6-6C3F799CFD0F}.Release|x86.Deploy.0 = Release|Any CPU
		{7D2F0E39-ACF5-4CA1-AC2B-2C856666A683}.Debug|Any CPU.ActiveCfg = Debug|iPhone
		{7D2F0E39-ACF5-4CA1-AC2B-2C856666A683}.Debug|ARM.ActiveCfg = Debug|iPhone
		{7D2F0E39-ACF5-4CA1-AC2B-2C856666A683}.Debug|iPhone.ActiveCfg = Debug|iPhone
		{7D2F0E39-ACF5-4CA1-AC2B-2C856666A683}.Debug|iPhone.Build.0 = Debug|iPhone
		{7D2F0E39-ACF5-4CA1-AC2B-2C856666A683}.Debug|iPhoneSimulator.ActiveCfg = Debug|iPhoneSimulator
		{7D2F0E39-ACF5-4CA1-AC2B-2C856666A683}.Debug|iPhoneSimulator.Build.0 = Debug|iPhoneSimulator
		{7D2F0E39-ACF5-4CA1-AC2B-2C856666A683}.Debug|x64.ActiveCfg = Debug|iPhone
		{7D2F0E39-ACF5-4CA1-AC2B-2C856666A683}.Debug|x86.ActiveCfg = Debug|iPhone
		{7D2F0E39-ACF5-4CA1-AC2B-2C856666A683}.Release|Any CPU.ActiveCfg = Release|iPhone
		{7D2F0E39-ACF5-4CA1-AC2B-2C856666A683}.Release|ARM.ActiveCfg = Release|iPhone
		{7D2F0E39-ACF5-4CA1-AC2B-2C856666A683}.Release|iPhone.ActiveCfg = Release|iPhone
		{7D2F0E39-ACF5-4CA1-AC2B-2C856666A683}.Release|iPhone.Build.0 = Release|iPhone
		{7D2F0E39-ACF5-4CA1-AC2B-2C856666A683}.Release|iPhoneSimulator.ActiveCfg = Release|iPhoneSimulator
		{7D2F0E39-ACF5-4CA1-AC2B-2C856666A683}.Release|iPhoneSimulator.Build.0 = Release|iPhoneSimulator
		{7D2F0E39-ACF5-4CA1-AC2B-2C856666A683}.Release|x64.ActiveCfg = Release|iPhone
		{7D2F0E39-ACF5-4CA1-AC2B-2C856666A683}.Release|x86.ActiveCfg = Release|iPhone
		{649FFE03-0A76-4E3C-822D-093B4467F0D2}.Debug|Any CPU.ActiveCfg = Debug|Any CPU
		{649FFE03-0A76-4E3C-822D-093B4467F0D2}.Debug|Any CPU.Build.0 = Debug|Any CPU
		{649FFE03-0A76-4E3C-822D-093B4467F0D2}.Debug|ARM.ActiveCfg = Debug|Any CPU
		{649FFE03-0A76-4E3C-822D-093B4467F0D2}.Debug|ARM.Build.0 = Debug|Any CPU
		{649FFE03-0A76-4E3C-822D-093B4467F0D2}.Debug|iPhone.ActiveCfg = Debug|Any CPU
		{649FFE03-0A76-4E3C-822D-093B4467F0D2}.Debug|iPhone.Build.0 = Debug|Any CPU
		{649FFE03-0A76-4E3C-822D-093B4467F0D2}.Debug|iPhoneSimulator.ActiveCfg = Debug|Any CPU
		{649FFE03-0A76-4E3C-822D-093B4467F0D2}.Debug|iPhoneSimulator.Build.0 = Debug|Any CPU
		{649FFE03-0A76-4E3C-822D-093B4467F0D2}.Debug|x64.ActiveCfg = Debug|Any CPU
		{649FFE03-0A76-4E3C-822D-093B4467F0D2}.Debug|x64.Build.0 = Debug|Any CPU
		{649FFE03-0A76-4E3C-822D-093B4467F0D2}.Debug|x86.ActiveCfg = Debug|Any CPU
		{649FFE03-0A76-4E3C-822D-093B4467F0D2}.Debug|x86.Build.0 = Debug|Any CPU
		{649FFE03-0A76-4E3C-822D-093B4467F0D2}.Release|Any CPU.ActiveCfg = Release|Any CPU
		{649FFE03-0A76-4E3C-822D-093B4467F0D2}.Release|Any CPU.Build.0 = Release|Any CPU
		{649FFE03-0A76-4E3C-822D-093B4467F0D2}.Release|ARM.ActiveCfg = Release|Any CPU
		{649FFE03-0A76-4E3C-822D-093B4467F0D2}.Release|ARM.Build.0 = Release|Any CPU
		{649FFE03-0A76-4E3C-822D-093B4467F0D2}.Release|iPhone.ActiveCfg = Release|Any CPU
		{649FFE03-0A76-4E3C-822D-093B4467F0D2}.Release|iPhone.Build.0 = Release|Any CPU
		{649FFE03-0A76-4E3C-822D-093B4467F0D2}.Release|iPhoneSimulator.ActiveCfg = Release|Any CPU
		{649FFE03-0A76-4E3C-822D-093B4467F0D2}.Release|iPhoneSimulator.Build.0 = Release|Any CPU
		{649FFE03-0A76-4E3C-822D-093B4467F0D2}.Release|x64.ActiveCfg = Release|Any CPU
		{649FFE03-0A76-4E3C-822D-093B4467F0D2}.Release|x64.Build.0 = Release|Any CPU
		{649FFE03-0A76-4E3C-822D-093B4467F0D2}.Release|x86.ActiveCfg = Release|Any CPU
		{649FFE03-0A76-4E3C-822D-093B4467F0D2}.Release|x86.Build.0 = Release|Any CPU
	EndGlobalSection
	GlobalSection(SolutionProperties) = preSolution
		HideSolutionNode = FALSE
	EndGlobalSection
	GlobalSection(NestedProjects) = preSolution
		{C37D39F1-831B-412F-BAB8-A76EEDD3AABD} = {FD328864-409F-4F7A-B364-55E27DC9BCCE}
		{772AA2C7-C448-45D7-A500-98251898F684} = {E52724ED-39E9-4A18-A011-F2096DC2ED28}
		{32A6541B-A51D-4DDE-BDC6-6C3F799CFD0F} = {E52724ED-39E9-4A18-A011-F2096DC2ED28}
		{7D2F0E39-ACF5-4CA1-AC2B-2C856666A683} = {E52724ED-39E9-4A18-A011-F2096DC2ED28}
		{649FFE03-0A76-4E3C-822D-093B4467F0D2} = {E52724ED-39E9-4A18-A011-F2096DC2ED28}
	EndGlobalSection
	GlobalSection(ExtensibilityGlobals) = postSolution
		SolutionGuid = {97E0742C-F824-4C1E-A6B1-B3907F9B0A92}
	EndGlobalSection
EndGlobal
